PODS:
  - Flutter (1.0.0)
  - flutter_video_compress (0.0.1):
    - Flutter
  - image_picker (0.0.1):
    - Flutter

DEPENDENCIES:
  - Flutter (from `.symlinks/flutter/ios`)
  - flutter_video_compress (from `.symlinks/plugins/flutter_video_compress/ios`)
  - image_picker (from `.symlinks/plugins/image_picker/ios`)

EXTERNAL SOURCES:
  Flutter:
    :path: ".symlinks/flutter/ios"
  flutter_video_compress:
    :path: ".symlinks/plugins/flutter_video_compress/ios"
  image_picker:
    :path: ".symlinks/plugins/image_picker/ios"

SPEC CHECKSUMS:
  Flutter: 58dd7d1b27887414a370fcccb9e645c08ffd7a6a
  flutter_video_compress: 4b566486f938d6adc9a9b2337f7ba8f3883fb8e1
  image_picker: 16e5fec1fbc87fd3b297c53e4048521eaf17cd06

PODFILE CHECKSUM: ebd43b443038e611b86ede96e613bd6033c49497

COCOAPODS: 1.7.0.beta.2
